{
  "object": {
    "pins": [
      {
        "package": "Loaders",
        "repositoryURL": "https://github.com/dgrzeszczak/Loaders",
        "state": {
          "branch": "feature/bundleModule",
          "revision": "4791afe16c1523a43b350687aff31069a6c0eb73",
          "version": null
        }
      },
      {
        "package": "ReMVVM",
        "repositoryURL": "https://github.com/ReMVVM/ReMVVM",
        "state": {
          "branch": "feature/Combine",
          "revision": "fbb31b582a85efe4cf81f01fe9dee508a9e8ee37",
          "version": null
        }
      },
      {
        "package": "ReMVVMRxSwift",
        "repositoryURL": "https://github.com/ReMVVM/ReMVVMRxSwift",
        "state": {
          "branch": "master",
          "revision": "259b468878fb58aca005ea735f1df946e91cf89e",
          "version": null
        }
      },
      {
        "package": "RxSwift",
        "repositoryURL": "https://github.com/ReactiveX/RxSwift",
        "state": {
          "branch": null,
          "revision": "c8742ed97fc2f0c015a5ea5eddefb064cd7532d2",
          "version": "6.0.0"
        }
      }
    ]
  },
  "version": 1
}
